PODS:
  - Cache (6.0.0)
  - CoreGPX (0.9.0)
  - CoreStore (6.3.2)
  - DGCharts (5.1.0):
    - DGCharts/Core (= 5.1.0)
  - DGCharts/Core (5.1.0)
  - SnapKit (5.0.1)

DEPENDENCIES:
  - Cache (~> 6.0.0)
  - CoreGPX (~> 0.9.0)
  - CoreStore (~> 6.3.1)
  - DGCharts
  - SnapKit (~> 5.0.0)

SPEC REPOS:
  trunk:
    - Cache
    - CoreGPX
    - CoreStore
    - DGCharts
    - SnapKit

SPEC CHECKSUMS:
  Cache: 4ca7e00363fca5455f26534e5607634c820ffc2d
  CoreGPX: 1381c8c47428c3a6bcac2f93d25ca1c5e3525811
  CoreStore: 690a587902a81c412cf353466d2d2a029934267e
  DGCharts: 1c6daf585b6cfc78807af44ea690d357c410627f
  SnapKit: 97b92857e3df3a0c71833cce143274bf6ef8e5eb

PODFILE CHECKSUM: dd6e390f4fb90d28e2c6fb70c28d9048ca0ee86f

COCOAPODS: 1.16.2
